// !$*UTF8*$!
{
	archiveVersion = 1;
	classes = {
	};
	objectVersion = 56;
	objects = {

/* Begin PBXBuildFile section */
		FB3AA3242D8B1C2800978E50 /* agregar_serie.swift in Sources */ = {isa = PBXBuildFile; fileRef = FB3AA3232D8B1C2800978E50 /* agregar_serie.swift */; };
		FBF0B9832D84826B00AC0836 /* ContentView.swift in Sources */ = {isa = PBXBuildFile; fileRef = FBF0B9822D84826B00AC0836 /* ContentView.swift */; };
		FBF0B9852D84826B00AC0836 /* Assets.xcassets in Resources */ = {isa = PBXBuildFile; fileRef = FBF0B9842D84826B00AC0836 /* Assets.xcassets */; };
		FBF0B9882D84826B00AC0836 /* Preview Assets.xcassets in Resources */ = {isa = PBXBuildFile; fileRef = FBF0B9872D84826B00AC0836 /* Preview Assets.xcassets */; };
		FBF0B9912D8483EA00AC0836 /* serie_informacion.swift in Sources */ = {isa = PBXBuildFile; fileRef = FBF0B9902D8483EA00AC0836 /* serie_informacion.swift */; };
		FBF0B9942D848B3400AC0836 /* vista_modelo_basico.swift in Sources */ = {isa = PBXBuildFile; fileRef = FBF0B9932D848B3400AC0836 /* vista_modelo_basico.swift */; };
		FBF0B9962D848C8C00AC0836 /* primera_pantalla.swift in Sources */ = {isa = PBXBuildFile; fileRef = FBF0B9952D848C8C00AC0836 /* primera_pantalla.swift */; };
/* End PBXBuildFile section */

/* Begin PBXFileReference section */
		FB3AA3232D8B1C2800978E50 /* agregar_serie.swift */ = {isa = PBXFileReference; lastKnownFileType = sourcecode.swift; path = agregar_serie.swift; sourceTree = "<group>"; };
		FBF0B97D2D84826B00AC0836 /* mvvm.app */ = {isa = PBXFileReference; explicitFileType = wrapper.application; includeInIndex = 0; path = mvvm.app; sourceTree = BUILT_PRODUCTS_DIR; };
		FBF0B9822D84826B00AC0836 /* ContentView.swift */ = {isa = PBXFileReference; lastKnownFileType = sourcecode.swift; path = ContentView.swift; sourceTree = "<group>"; };
		FBF0B9842D84826B00AC0836 /* Assets.xcassets */ = {isa = PBXFileReference; lastKnownFileType = folder.assetcatalog; path = Assets.xcassets; sourceTree = "<group>"; };
		FBF0B9872D84826B00AC0836 /* Preview Assets.xcassets */ = {isa = PBXFileReference; lastKnownFileType = folder.assetcatalog; path = "Preview Assets.xcassets"; sourceTree = "<group>"; };
		FBF0B9902D8483EA00AC0836 /* serie_informacion.swift */ = {isa = PBXFileReference; lastKnownFileType = sourcecode.swift; path = serie_informacion.swift; sourceTree = "<group>"; };
		FBF0B9932D848B3400AC0836 /* vista_modelo_basico.swift */ = {isa = PBXFileReference; lastKnownFileType = sourcecode.swift; path = vista_modelo_basico.swift; sourceTree = "<group>"; };
		FBF0B9952D848C8C00AC0836 /* primera_pantalla.swift */ = {isa = PBXFileReference; lastKnownFileType = sourcecode.swift; path = primera_pantalla.swift; sourceTree = "<group>"; };
/* End PBXFileReference section */

/* Begin PBXFrameworksBuildPhase section */
		FBF0B97A2D84826B00AC0836 /* Frameworks */ = {
			isa = PBXFrameworksBuildPhase;
			buildActionMask = 2147483647;
			files = (
			);
			runOnlyForDeploymentPostprocessing = 0;
		};
/* End PBXFrameworksBuildPhase section */

/* Begin PBXGroup section */
		FB3AA3222D8B1C0700978E50 /* pantallas */ = {
			isa = PBXGroup;
			children = (
				FB3AA3232D8B1C2800978E50 /* agregar_serie.swift */,
			);
			path = pantallas;
			sourceTree = "<group>";
		};
		FBF0B9742D84826B00AC0836 = {
			isa = PBXGroup;
			children = (
				FBF0B97F2D84826B00AC0836 /* mvvm */,
				FBF0B97E2D84826B00AC0836 /* Products */,
			);
			sourceTree = "<group>";
		};
		FBF0B97E2D84826B00AC0836 /* Products */ = {
			isa = PBXGroup;
			children = (
				FBF0B97D2D84826B00AC0836 /* mvvm.app */,
			);
			name = Products;
			sourceTree = "<group>";
		};
		FBF0B97F2D84826B00AC0836 /* mvvm */ = {
			isa = PBXGroup;
			children = (
				FB3AA3222D8B1C0700978E50 /* pantallas */,
				FBF0B98F2D84834300AC0836 /* vistas_modelos */,
				FBF0B98E2D84832A00AC0836 /* modelos */,
				FBF0B9822D84826B00AC0836 /* ContentView.swift */,
				FBF0B9842D84826B00AC0836 /* Assets.xcassets */,
				FBF0B9862D84826B00AC0836 /* Preview Content */,
				FBF0B9952D848C8C00AC0836 /* primera_pantalla.swift */,
			);
			path = mvvm;
			sourceTree = "<group>";
		};
		FBF0B9862D84826B00AC0836 /* Preview Content */ = {
			isa = PBXGroup;
			children = (
				FBF0B9872D84826B00AC0836 /* Preview Assets.xcassets */,
			);
			path = "Preview Content";
			sourceTree = "<group>";
		};
		FBF0B98E2D84832A00AC0836 /* modelos */ = {
			isa = PBXGroup;
			children = (
				FBF0B9902D8483EA00AC0836 /* serie_informacion.swift */,
			);
			path = modelos;
			sourceTree = "<group>";
		};
		FBF0B98F2D84834300AC0836 /* vistas_modelos */ = {
			isa = PBXGroup;
			children = (
				FBF0B9922D848B0F00AC0836 /* New Group */,
				FBF0B9932D848B3400AC0836 /* vista_modelo_basico.swift */,
			);
			path = vistas_modelos;
			sourceTree = "<group>";
		};
		FBF0B9922D848B0F00AC0836 /* New Group */ = {
			isa = PBXGroup;
			children = (
			);
			path = "New Group";
			sourceTree = "<group>";
		};
/* End PBXGroup section */

/* Begin PBXNativeTarget section */
		FBF0B97C2D84826B00AC0836 /* mvvm */ = {
			isa = PBXNativeTarget;
			buildConfigurationList = FBF0B98B2D84826B00AC0836 /* Build configuration list for PBXNativeTarget "mvvm" */;
			buildPhases = (
				FBF0B9792D84826B00AC0836 /* Sources */,
				FBF0B97A2D84826B00AC0836 /* Frameworks */,
				FBF0B97B2D84826B00AC0836 /* Resources */,
			);
			buildRules = (
			);
			dependencies = (
			);
			name = mvvm;
			productName = mvvm;
			productReference = FBF0B97D2D84826B00AC0836 /* mvvm.app */;
			productType = "com.apple.product-type.application";
		};
/* End PBXNativeTarget section */

/* Begin PBXProject section */
		FBF0B9752D84826B00AC0836 /* Project object */ = {
			isa = PBXProject;
			attributes = {
				BuildIndependentTargetsInParallel = 1;
				LastSwiftUpdateCheck = 1540;
				LastUpgradeCheck = 1540;
				TargetAttributes = {
					FBF0B97C2D84826B00AC0836 = {
						CreatedOnToolsVersion = 15.4;
					};
				};
			};
			buildConfigurationList = FBF0B9782D84826B00AC0836 /* Build configuration list for PBXProject "mvvm" */;
			compatibilityVersion = "Xcode 14.0";
			developmentRegion = en;
			hasScannedForEncodings = 0;
			knownRegions = (
				en,
				Base,
			);
			mainGroup = FBF0B9742D84826B00AC0836;
			productRefGroup = FBF0B97E2D84826B00AC0836 /* Products */;
			projectDirPath = "";
			projectRoot = "";
			targets = (
				FBF0B97C2D84826B00AC0836 /* mvvm */,
			);
		};
/* End PBXProject section */

/* Begin PBXResourcesBuildPhase section */
		FBF0B97B2D84826B00AC0836 /* Resources */ = {
			isa = PBXResourcesBuildPhase;
			buildActionMask = 2147483647;
			files = (
				FBF0B9882D84826B00AC0836 /* Preview Assets.xcassets in Resources */,
				FBF0B9852D84826B00AC0836 /* Assets.xcassets in Resources */,
			);
			runOnlyForDeploymentPostprocessing = 0;
		};
/* End PBXResourcesBuildPhase section */

/* Begin PBXSourcesBuildPhase section */
		FBF0B9792D84826B00AC0836 /* Sources */ = {
			isa = PBXSourcesBuildPhase;
			buildActionMask = 2147483647;
			files = (
				FBF0B9912D8483EA00AC0836 /* serie_informacion.swift in Sources */,
				FBF0B9832D84826B00AC0836 /* ContentView.swift in Sources */,
				FBF0B9942D848B3400AC0836 /* vista_modelo_basico.swift in Sources */,
				FB3AA3242D8B1C2800978E50 /* agregar_serie.swift in Sources */,
				FBF0B9962D848C8C00AC0836 /* primera_pantalla.swift in Sources */,
			);
			runOnlyForDeploymentPostprocessing = 0;
		};
/* End PBXSourcesBuildPhase section */

/* Begin XCBuildConfiguration section */
		FBF0B9892D84826B00AC0836 /* Debug */ = {
			isa = XCBuildConfiguration;
			buildSettings = {
				ALWAYS_SEARCH_USER_PATHS = NO;
				ASSETCATALOG_COMPILER_GENERATE_SWIFT_ASSET_SYMBOL_EXTENSIONS = YES;
				CLANG_ANALYZER_NONNULL = YES;
				CLANG_ANALYZER_NUMBER_OBJECT_CONVERSION = YES_AGGRESSIVE;
				CLANG_CXX_LANGUAGE_STANDARD = "gnu++20";
				CLANG_ENABLE_MODULES = YES;
				CLANG_ENABLE_OBJC_ARC = YES;
				CLANG_ENABLE_OBJC_WEAK = YES;
				CLANG_WARN_BLOCK_CAPTURE_AUTORELEASING = YES;
				CLANG_WARN_BOOL_CONVERSION = YES;
				CLANG_WARN_COMMA = YES;
				CLANG_WARN_CONSTANT_CONVERSION = YES;
				CLANG_WARN_DEPRECATED_OBJC_IMPLEMENTATIONS = YES;
				CLANG_WARN_DIRECT_OBJC_ISA_USAGE = YES_ERROR;
				CLANG_WARN_DOCUMENTATION_COMMENTS = YES;
				CLANG_WARN_EMPTY_BODY = YES;
				CLANG_WARN_ENUM_CONVERSION = YES;
				CLANG_WARN_INFINITE_RECURSION = YES;
				CLANG_WARN_INT_CONVERSION = YES;
				CLANG_WARN_NON_LITERAL_NULL_CONVERSION = YES;
				CLANG_WARN_OBJC_IMPLICIT_RETAIN_SELF = YES;
				CLANG_WARN_OBJC_LITERAL_CONVERSION = YES;
				CLANG_WARN_OBJC_ROOT_CLASS = YES_ERROR;
				CLANG_WARN_QUOTED_INCLUDE_IN_FRAMEWORK_HEADER = YES;
				CLANG_WARN_RANGE_LOOP_ANALYSIS = YES;
				CLANG_WARN_STRICT_PROTOTYPES = YES;
				CLANG_WARN_SUSPICIOUS_MOVE = YES;
				CLANG_WARN_UNGUARDED_AVAILABILITY = YES_AGGRESSIVE;
				CLANG_WARN_UNREACHABLE_CODE = YES;
				CLANG_WARN__DUPLICATE_METHOD_MATCH = YES;
				COPY_PHASE_STRIP = NO;
				DEBUG_INFORMATION_FORMAT = dwarf;
				ENABLE_STRICT_OBJC_MSGSEND = YES;
				ENABLE_TESTABILITY = YES;
				ENABLE_USER_SCRIPT_SANDBOXING = YES;
				GCC_C_LANGUAGE_STANDARD = gnu17;
				GCC_DYNAMIC_NO_PIC = NO;
				GCC_NO_COMMON_BLOCKS = YES;
				GCC_OPTIMIZATION_LEVEL = 0;
				GCC_PREPROCESSOR_DEFINITIONS = (
					"DEBUG=1",
					"$(inherited)",
				);
				GCC_WARN_64_TO_32_BIT_CONVERSION = YES;
				GCC_WARN_ABOUT_RETURN_TYPE = YES_ERROR;
				GCC_WARN_UNDECLARED_SELECTOR = YES;
				GCC_WARN_UNINITIALIZED_AUTOS = YES_AGGRESSIVE;
				GCC_WARN_UNUSED_FUNCTION = YES;
				GCC_WARN_UNUSED_VARIABLE = YES;
				IPHONEOS_DEPLOYMENT_TARGET = 17.5;
				LOCALIZATION_PREFERS_STRING_CATALOGS = YES;
				MTL_ENABLE_DEBUG_INFO = INCLUDE_SOURCE;
				MTL_FAST_MATH = YES;
				ONLY_ACTIVE_ARCH = YES;
				SDKROOT = iphoneos;
				SWIFT_ACTIVE_COMPILATION_CONDITIONS = "DEBUG $(inherited)";
				SWIFT_OPTIMIZATION_LEVEL = "-Onone";
			};
			name = Debug;
		};
		FBF0B98A2D84826B00AC0836 /* Release */ = {
			isa = XCBuildConfiguration;
			buildSettings = {
				ALWAYS_SEARCH_USER_PATHS = NO;
				ASSETCATALOG_COMPILER_GENERATE_SWIFT_ASSET_SYMBOL_EXTENSIONS = YES;
				CLANG_ANALYZER_NONNULL = YES;
				CLANG_ANALYZER_NUMBER_OBJECT_CONVERSION = YES_AGGRESSIVE;
				CLANG_CXX_LANGUAGE_STANDARD = "gnu++20";
				CLANG_ENABLE_MODULES = YES;
				CLANG_ENABLE_OBJC_ARC = YES;
				CLANG_ENABLE_OBJC_WEAK = YES;
				CLANG_WARN_BLOCK_CAPTURE_AUTORELEASING = YES;
				CLANG_WARN_BOOL_CONVERSION = YES;
				CLANG_WARN_COMMA = YES;
				CLANG_WARN_CONSTANT_CONVERSION = YES;
				CLANG_WARN_DEPRECATED_OBJC_IMPLEMENTATIONS = YES;
				CLANG_WARN_DIRECT_OBJC_ISA_USAGE = YES_ERROR;
				CLANG_WARN_DOCUMENTATION_COMMENTS = YES;
				CLANG_WARN_EMPTY_BODY = YES;
				CLANG_WARN_ENUM_CONVERSION = YES;
				CLANG_WARN_INFINITE_RECURSION = YES;
				CLANG_WARN_INT_CONVERSION = YES;
				CLANG_WARN_NON_LITERAL_NULL_CONVERSION = YES;
				CLANG_WARN_OBJC_IMPLICIT_RETAIN_SELF = YES;
				CLANG_WARN_OBJC_LITERAL_CONVERSION = YES;
				CLANG_WARN_OBJC_ROOT_CLASS = YES_ERROR;
				CLANG_WARN_QUOTED_INCLUDE_IN_FRAMEWORK_HEADER = YES;
				CLANG_WARN_RANGE_LOOP_ANALYSIS = YES;
				CLANG_WARN_STRICT_PROTOTYPES = YES;
				CLANG_WARN_SUSPICIOUS_MOVE = YES;
				CLANG_WARN_UNGUARDED_AVAILABILITY = YES_AGGRESSIVE;
				CLANG_WARN_UNREACHABLE_CODE = YES;
				CLANG_WARN__DUPLICATE_METHOD_MATCH = YES;
				COPY_PHASE_STRIP = NO;
				DEBUG_INFORMATION_FORMAT = "dwarf-with-dsym";
				ENABLE_NS_ASSERTIONS = NO;
				ENABLE_STRICT_OBJC_MSGSEND = YES;
				ENABLE_USER_SCRIPT_SANDBOXING = YES;
				GCC_C_LANGUAGE_STANDARD = gnu17;
				GCC_NO_COMMON_BLOCKS = YES;
				GCC_WARN_64_TO_32_BIT_CONVERSION = YES;
				GCC_WARN_ABOUT_RETURN_TYPE = YES_ERROR;
				GCC_WARN_UNDECLARED_SELECTOR = YES;
				GCC_WARN_UNINITIALIZED_AUTOS = YES_AGGRESSIVE;
				GCC_WARN_UNUSED_FUNCTION = YES;
				GCC_WARN_UNUSED_VARIABLE = YES;
				IPHONEOS_DEPLOYMENT_TARGET = 17.5;
				LOCALIZATION_PREFERS_STRING_CATALOGS = YES;
				MTL_ENABLE_DEBUG_INFO = NO;
				MTL_FAST_MATH = YES;
				SDKROOT = iphoneos;
				SWIFT_COMPILATION_MODE = wholemodule;
				VALIDATE_PRODUCT = YES;
			};
			name = Release;
		};
		FBF0B98C2D84826B00AC0836 /* Debug */ = {
			isa = XCBuildConfiguration;
			buildSettings = {
				ASSETCATALOG_COMPILER_APPICON_NAME = AppIcon;
				ASSETCATALOG_COMPILER_GLOBAL_ACCENT_COLOR_NAME = AccentColor;
				CODE_SIGN_STYLE = Automatic;
				CURRENT_PROJECT_VERSION = 1;
				DEVELOPMENT_ASSET_PATHS = "\"mvvm/Preview Content\"";
				ENABLE_PREVIEWS = YES;
				GENERATE_INFOPLIST_FILE = YES;
				INFOPLIST_KEY_UIApplicationSceneManifest_Generation = YES;
				INFOPLIST_KEY_UIApplicationSupportsIndirectInputEvents = YES;
				INFOPLIST_KEY_UILaunchScreen_Generation = YES;
				INFOPLIST_KEY_UISupportedInterfaceOrientations_iPad = "UIInterfaceOrientationPortrait UIInterfaceOrientationPortraitUpsideDown UIInterfaceOrientationLandscapeLeft UIInterfaceOrientationLandscapeRight";
				INFOPLIST_KEY_UISupportedInterfaceOrientations_iPhone = "UIInterfaceOrientationPortrait UIInterfaceOrientationLandscapeLeft UIInterfaceOrientationLandscapeRight";
				LD_RUNPATH_SEARCH_PATHS = (
					"$(inherited)",
					"@executable_path/Frameworks",
				);
				MARKETING_VERSION = 1.0;
				PRODUCT_BUNDLE_IDENTIFIER = mx.alumnos.uacj.mvvm;
				PRODUCT_NAME = "$(TARGET_NAME)";
				SWIFT_EMIT_LOC_STRINGS = YES;
				SWIFT_VERSION = 5.0;
				TARGETED_DEVICE_FAMILY = "1,2";
			};
			name = Debug;
		};
		FBF0B98D2D84826B00AC0836 /* Release */ = {
			isa = XCBuildConfiguration;
			buildSettings = {
				ASSETCATALOG_COMPILER_APPICON_NAME = AppIcon;
				ASSETCATALOG_COMPILER_GLOBAL_ACCENT_COLOR_NAME = AccentColor;
				CODE_SIGN_STYLE = Automatic;
				CURRENT_PROJECT_VERSION = 1;
				DEVELOPMENT_ASSET_PATHS = "\"mvvm/Preview Content\"";
				ENABLE_PREVIEWS = YES;
				GENERATE_INFOPLIST_FILE = YES;
				INFOPLIST_KEY_UIApplicationSceneManifest_Generation = YES;
				INFOPLIST_KEY_UIApplicationSupportsIndirectInputEvents = YES;
				INFOPLIST_KEY_UILaunchScreen_Generation = YES;
				INFOPLIST_KEY_UISupportedInterfaceOrientations_iPad = "UIInterfaceOrientationPortrait UIInterfaceOrientationPortraitUpsideDown UIInterfaceOrientationLandscapeLeft UIInterfaceOrientationLandscapeRight";
				INFOPLIST_KEY_UISupportedInterfaceOrientations_iPhone = "UIInterfaceOrientationPortrait UIInterfaceOrientationLandscapeLeft UIInterfaceOrientationLandscapeRight";
				LD_RUNPATH_SEARCH_PATHS = (
					"$(inherited)",
					"@executable_path/Frameworks",
				);
				MARKETING_VERSION = 1.0;
				PRODUCT_BUNDLE_IDENTIFIER = mx.alumnos.uacj.mvvm;
				PRODUCT_NAME = "$(TARGET_NAME)";
				SWIFT_EMIT_LOC_STRINGS = YES;
				SWIFT_VERSION = 5.0;
				TARGETED_DEVICE_FAMILY = "1,2";
			};
			name = Release;
		};
/* End XCBuildConfiguration section */

/* Begin XCConfigurationList section */
		FBF0B9782D84826B00AC0836 /* Build configuration list for PBXProject "mvvm" */ = {
			isa = XCConfigurationList;
			buildConfigurations = (
				FBF0B9892D84826B00AC0836 /* Debug */,
				FBF0B98A2D84826B00AC0836 /* Release */,
			);
			defaultConfigurationIsVisible = 0;
			defaultConfigurationName = Release;
		};
		FBF0B98B2D84826B00AC0836 /* Build configuration list for PBXNativeTarget "mvvm" */ = {
			isa = XCConfigurationList;
			buildConfigurations = (
				FBF0B98C2D84826B00AC0836 /* Debug */,
				FBF0B98D2D84826B00AC0836 /* Release */,
			);
			defaultConfigurationIsVisible = 0;
			defaultConfigurationName = Release;
		};
/* End XCConfigurationList section */
	};
	rootObject = FBF0B9752D84826B00AC0836 /* Project object */;
}
