// !$*UTF8*$!
{
	archiveVersion = 1;
	classes = {
	};
	objectVersion = 56;
	objects = {

/* Begin PBXBuildFile section */
		FB1F7EB62D94537200363E73 /* contrador_app.swift in Sources */ = {isa = PBXBuildFile; fileRef = FB1F7EB52D94537200363E73 /* contrador_app.swift */; };
		FB1F7EB82D945E8900363E73 /* publicacion.swift in Sources */ = {isa = PBXBuildFile; fileRef = FB1F7EB72D945E8900363E73 /* publicacion.swift */; };
		FB1F7EBA2D94633100363E73 /* comentario.swift in Sources */ = {isa = PBXBuildFile; fileRef = FB1F7EB92D94633100363E73 /* comentario.swift */; };
		FB758D0C2D9AEC6F00CC8C7C /* menu_aplicacion.swift in Sources */ = {isa = PBXBuildFile; fileRef = FB758D0B2D9AEC6F00CC8C7C /* menu_aplicacion.swift */; };
		FB8C0EAF2D91B08300194EDE /* RedesSocialesApp.swift in Sources */ = {isa = PBXBuildFile; fileRef = FB8C0EAE2D91B08300194EDE /* RedesSocialesApp.swift */; };
		FB8C0EB12D91B08300194EDE /* ContentView.swift in Sources */ = {isa = PBXBuildFile; fileRef = FB8C0EB02D91B08300194EDE /* ContentView.swift */; };
		FB8C0EB32D91B08400194EDE /* Assets.xcassets in Resources */ = {isa = PBXBuildFile; fileRef = FB8C0EB22D91B08400194EDE /* Assets.xcassets */; };
		FB8C0EB62D91B08400194EDE /* Preview Assets.xcassets in Resources */ = {isa = PBXBuildFile; fileRef = FB8C0EB52D91B08400194EDE /* Preview Assets.xcassets */; };
		FB8C0EC02D91B27000194EDE /* Publicacion.swift in Sources */ = {isa = PBXBuildFile; fileRef = FB8C0EBF2D91B27000194EDE /* Publicacion.swift */; };
		FB8C0EC22D91B49B00194EDE /* placeholder_api.swift in Sources */ = {isa = PBXBuildFile; fileRef = FB8C0EC12D91B49B00194EDE /* placeholder_api.swift */; };
		FB8C0EC42D91B4AD00194EDE /* errores.swift in Sources */ = {isa = PBXBuildFile; fileRef = FB8C0EC32D91B4AD00194EDE /* errores.swift */; };
		FB8C0EC62D91BC4200194EDE /* controlador_publicaciones.swift in Sources */ = {isa = PBXBuildFile; fileRef = FB8C0EC52D91BC4200194EDE /* controlador_publicaciones.swift */; };
		FB8C0ECA2D91BE2900194EDE /* publicaciones_general.swift in Sources */ = {isa = PBXBuildFile; fileRef = FB8C0EC92D91BE2900194EDE /* publicaciones_general.swift */; };
		FBEB2D7C2D9700FB0033CC2B /* perfil.swift in Sources */ = {isa = PBXBuildFile; fileRef = FBEB2D7B2D9700FB0033CC2B /* perfil.swift */; };
		FBEB2D7F2D9704610033CC2B /* perfil_vista_basica.swift in Sources */ = {isa = PBXBuildFile; fileRef = FBEB2D7E2D9704610033CC2B /* perfil_vista_basica.swift */; };
/* End PBXBuildFile section */

/* Begin PBXFileReference section */
		FB1F7EB52D94537200363E73 /* contrador_app.swift */ = {isa = PBXFileReference; lastKnownFileType = sourcecode.swift; path = contrador_app.swift; sourceTree = "<group>"; };
		FB1F7EB72D945E8900363E73 /* publicacion.swift */ = {isa = PBXFileReference; lastKnownFileType = sourcecode.swift; path = publicacion.swift; sourceTree = "<group>"; };
		FB1F7EB92D94633100363E73 /* comentario.swift */ = {isa = PBXFileReference; lastKnownFileType = sourcecode.swift; path = comentario.swift; sourceTree = "<group>"; };
		FB758D0B2D9AEC6F00CC8C7C /* menu_aplicacion.swift */ = {isa = PBXFileReference; lastKnownFileType = sourcecode.swift; path = menu_aplicacion.swift; sourceTree = "<group>"; };
		FB8C0EAB2D91B08300194EDE /* RedesSociales.app */ = {isa = PBXFileReference; explicitFileType = wrapper.application; includeInIndex = 0; path = RedesSociales.app; sourceTree = BUILT_PRODUCTS_DIR; };
		FB8C0EAE2D91B08300194EDE /* RedesSocialesApp.swift */ = {isa = PBXFileReference; lastKnownFileType = sourcecode.swift; path = RedesSocialesApp.swift; sourceTree = "<group>"; };
		FB8C0EB02D91B08300194EDE /* ContentView.swift */ = {isa = PBXFileReference; lastKnownFileType = sourcecode.swift; path = ContentView.swift; sourceTree = "<group>"; };
		FB8C0EB22D91B08400194EDE /* Assets.xcassets */ = {isa = PBXFileReference; lastKnownFileType = folder.assetcatalog; path = Assets.xcassets; sourceTree = "<group>"; };
		FB8C0EB52D91B08400194EDE /* Preview Assets.xcassets */ = {isa = PBXFileReference; lastKnownFileType = folder.assetcatalog; path = "Preview Assets.xcassets"; sourceTree = "<group>"; };
		FB8C0EBF2D91B27000194EDE /* Publicacion.swift */ = {isa = PBXFileReference; lastKnownFileType = sourcecode.swift; path = Publicacion.swift; sourceTree = "<group>"; };
		FB8C0EC12D91B49B00194EDE /* placeholder_api.swift */ = {isa = PBXFileReference; lastKnownFileType = sourcecode.swift; path = placeholder_api.swift; sourceTree = "<group>"; };
		FB8C0EC32D91B4AD00194EDE /* errores.swift */ = {isa = PBXFileReference; lastKnownFileType = sourcecode.swift; path = errores.swift; sourceTree = "<group>"; };
		FB8C0EC52D91BC4200194EDE /* controlador_publicaciones.swift */ = {isa = PBXFileReference; lastKnownFileType = sourcecode.swift; path = controlador_publicaciones.swift; sourceTree = "<group>"; };
		FB8C0EC92D91BE2900194EDE /* publicaciones_general.swift */ = {isa = PBXFileReference; lastKnownFileType = sourcecode.swift; path = publicaciones_general.swift; sourceTree = "<group>"; };
		FBEB2D7B2D9700FB0033CC2B /* perfil.swift */ = {isa = PBXFileReference; lastKnownFileType = sourcecode.swift; path = perfil.swift; sourceTree = "<group>"; };
		FBEB2D7E2D9704610033CC2B /* perfil_vista_basica.swift */ = {isa = PBXFileReference; lastKnownFileType = sourcecode.swift; path = perfil_vista_basica.swift; sourceTree = "<group>"; };
/* End PBXFileReference section */

/* Begin PBXFrameworksBuildPhase section */
		FB8C0EA82D91B08300194EDE /* Frameworks */ = {
			isa = PBXFrameworksBuildPhase;
			buildActionMask = 2147483647;
			files = (
			);
			runOnlyForDeploymentPostprocessing = 0;
		};
/* End PBXFrameworksBuildPhase section */

/* Begin PBXGroup section */
		FB758D0A2D9AEC4C00CC8C7C /* menu_inicial */ = {
			isa = PBXGroup;
			children = (
				FB758D0B2D9AEC6F00CC8C7C /* menu_aplicacion.swift */,
			);
			path = menu_inicial;
			sourceTree = "<group>";
		};
		FB8C0EA22D91B08300194EDE = {
			isa = PBXGroup;
			children = (
				FB8C0EAD2D91B08300194EDE /* RedesSociales */,
				FB8C0EAC2D91B08300194EDE /* Products */,
			);
			sourceTree = "<group>";
		};
		FB8C0EAC2D91B08300194EDE /* Products */ = {
			isa = PBXGroup;
			children = (
				FB8C0EAB2D91B08300194EDE /* RedesSociales.app */,
			);
			name = Products;
			sourceTree = "<group>";
		};
		FB8C0EAD2D91B08300194EDE /* RedesSociales */ = {
			isa = PBXGroup;
			children = (
				FB758D0A2D9AEC4C00CC8C7C /* menu_inicial */,
				FB8C0EC72D91BDEA00194EDE /* ui */,
				FB8C0EBE2D91B1A000194EDE /* servicios_API */,
				FB8C0EBD2D91B19400194EDE /* controladores */,
				FB8C0EBC2D91B18400194EDE /* modelos */,
				FB8C0EAE2D91B08300194EDE /* RedesSocialesApp.swift */,
				FB8C0EB02D91B08300194EDE /* ContentView.swift */,
				FB8C0EB22D91B08400194EDE /* Assets.xcassets */,
				FB8C0EB42D91B08400194EDE /* Preview Content */,
			);
			path = RedesSociales;
			sourceTree = "<group>";
		};
		FB8C0EB42D91B08400194EDE /* Preview Content */ = {
			isa = PBXGroup;
			children = (
				FB8C0EB52D91B08400194EDE /* Preview Assets.xcassets */,
			);
			path = "Preview Content";
			sourceTree = "<group>";
		};
		FB8C0EBC2D91B18400194EDE /* modelos */ = {
			isa = PBXGroup;
			children = (
				FB8C0EBF2D91B27000194EDE /* Publicacion.swift */,
				FB1F7EB92D94633100363E73 /* comentario.swift */,
				FBEB2D7B2D9700FB0033CC2B /* perfil.swift */,
			);
			path = modelos;
			sourceTree = "<group>";
		};
		FB8C0EBD2D91B19400194EDE /* controladores */ = {
			isa = PBXGroup;
			children = (
				FB8C0EC52D91BC4200194EDE /* controlador_publicaciones.swift */,
				FB1F7EB52D94537200363E73 /* contrador_app.swift */,
			);
			path = controladores;
			sourceTree = "<group>";
		};
		FB8C0EBE2D91B1A000194EDE /* servicios_API */ = {
			isa = PBXGroup;
			children = (
				FB8C0EC12D91B49B00194EDE /* placeholder_api.swift */,
				FB8C0EC32D91B4AD00194EDE /* errores.swift */,
			);
			path = servicios_API;
			sourceTree = "<group>";
		};
		FB8C0EC72D91BDEA00194EDE /* ui */ = {
			isa = PBXGroup;
			children = (
				FBEB2D7D2D9704490033CC2B /* perfil_basico */,
				FB8C0EC82D91BE1000194EDE /* publicaciones */,
			);
			path = ui;
			sourceTree = "<group>";
		};
		FB8C0EC82D91BE1000194EDE /* publicaciones */ = {
			isa = PBXGroup;
			children = (
				FB8C0EC92D91BE2900194EDE /* publicaciones_general.swift */,
				FB1F7EB72D945E8900363E73 /* publicacion.swift */,
			);
			path = publicaciones;
			sourceTree = "<group>";
		};
		FBEB2D7D2D9704490033CC2B /* perfil_basico */ = {
			isa = PBXGroup;
			children = (
				FBEB2D7E2D9704610033CC2B /* perfil_vista_basica.swift */,
			);
			path = perfil_basico;
			sourceTree = "<group>";
		};
/* End PBXGroup section */

/* Begin PBXNativeTarget section */
		FB8C0EAA2D91B08300194EDE /* RedesSociales */ = {
			isa = PBXNativeTarget;
			buildConfigurationList = FB8C0EB92D91B08400194EDE /* Build configuration list for PBXNativeTarget "RedesSociales" */;
			buildPhases = (
				FB8C0EA72D91B08300194EDE /* Sources */,
				FB8C0EA82D91B08300194EDE /* Frameworks */,
				FB8C0EA92D91B08300194EDE /* Resources */,
			);
			buildRules = (
			);
			dependencies = (
			);
			name = RedesSociales;
			productName = RedesSociales;
			productReference = FB8C0EAB2D91B08300194EDE /* RedesSociales.app */;
			productType = "com.apple.product-type.application";
		};
/* End PBXNativeTarget section */

/* Begin PBXProject section */
		FB8C0EA32D91B08300194EDE /* Project object */ = {
			isa = PBXProject;
			attributes = {
				BuildIndependentTargetsInParallel = 1;
				LastSwiftUpdateCheck = 1540;
				LastUpgradeCheck = 1540;
				TargetAttributes = {
					FB8C0EAA2D91B08300194EDE = {
						CreatedOnToolsVersion = 15.4;
					};
				};
			};
			buildConfigurationList = FB8C0EA62D91B08300194EDE /* Build configuration list for PBXProject "RedesSociales" */;
			compatibilityVersion = "Xcode 14.0";
			developmentRegion = en;
			hasScannedForEncodings = 0;
			knownRegions = (
				en,
				Base,
			);
			mainGroup = FB8C0EA22D91B08300194EDE;
			productRefGroup = FB8C0EAC2D91B08300194EDE /* Products */;
			projectDirPath = "";
			projectRoot = "";
			targets = (
				FB8C0EAA2D91B08300194EDE /* RedesSociales */,
			);
		};
/* End PBXProject section */

/* Begin PBXResourcesBuildPhase section */
		FB8C0EA92D91B08300194EDE /* Resources */ = {
			isa = PBXResourcesBuildPhase;
			buildActionMask = 2147483647;
			files = (
				FB8C0EB62D91B08400194EDE /* Preview Assets.xcassets in Resources */,
				FB8C0EB32D91B08400194EDE /* Assets.xcassets in Resources */,
			);
			runOnlyForDeploymentPostprocessing = 0;
		};
/* End PBXResourcesBuildPhase section */

/* Begin PBXSourcesBuildPhase section */
		FB8C0EA72D91B08300194EDE /* Sources */ = {
			isa = PBXSourcesBuildPhase;
			buildActionMask = 2147483647;
			files = (
				FB758D0C2D9AEC6F00CC8C7C /* menu_aplicacion.swift in Sources */,
				FB8C0ECA2D91BE2900194EDE /* publicaciones_general.swift in Sources */,
				FB8C0EC22D91B49B00194EDE /* placeholder_api.swift in Sources */,
				FBEB2D7F2D9704610033CC2B /* perfil_vista_basica.swift in Sources */,
				FB1F7EB62D94537200363E73 /* contrador_app.swift in Sources */,
				FBEB2D7C2D9700FB0033CC2B /* perfil.swift in Sources */,
				FB8C0EC02D91B27000194EDE /* Publicacion.swift in Sources */,
				FB1F7EBA2D94633100363E73 /* comentario.swift in Sources */,
				FB1F7EB82D945E8900363E73 /* publicacion.swift in Sources */,
				FB8C0EB12D91B08300194EDE /* ContentView.swift in Sources */,
				FB8C0EC62D91BC4200194EDE /* controlador_publicaciones.swift in Sources */,
				FB8C0EAF2D91B08300194EDE /* RedesSocialesApp.swift in Sources */,
				FB8C0EC42D91B4AD00194EDE /* errores.swift in Sources */,
			);
			runOnlyForDeploymentPostprocessing = 0;
		};
/* End PBXSourcesBuildPhase section */

/* Begin XCBuildConfiguration section */
		FB8C0EB72D91B08400194EDE /* Debug */ = {
			isa = XCBuildConfiguration;
			buildSettings = {
				ALWAYS_SEARCH_USER_PATHS = NO;
				ASSETCATALOG_COMPILER_GENERATE_SWIFT_ASSET_SYMBOL_EXTENSIONS = YES;
				CLANG_ANALYZER_NONNULL = YES;
				CLANG_ANALYZER_NUMBER_OBJECT_CONVERSION = YES_AGGRESSIVE;
				CLANG_CXX_LANGUAGE_STANDARD = "gnu++20";
				CLANG_ENABLE_MODULES = YES;
				CLANG_ENABLE_OBJC_ARC = YES;
				CLANG_ENABLE_OBJC_WEAK = YES;
				CLANG_WARN_BLOCK_CAPTURE_AUTORELEASING = YES;
				CLANG_WARN_BOOL_CONVERSION = YES;
				CLANG_WARN_COMMA = YES;
				CLANG_WARN_CONSTANT_CONVERSION = YES;
				CLANG_WARN_DEPRECATED_OBJC_IMPLEMENTATIONS = YES;
				CLANG_WARN_DIRECT_OBJC_ISA_USAGE = YES_ERROR;
				CLANG_WARN_DOCUMENTATION_COMMENTS = YES;
				CLANG_WARN_EMPTY_BODY = YES;
				CLANG_WARN_ENUM_CONVERSION = YES;
				CLANG_WARN_INFINITE_RECURSION = YES;
				CLANG_WARN_INT_CONVERSION = YES;
				CLANG_WARN_NON_LITERAL_NULL_CONVERSION = YES;
				CLANG_WARN_OBJC_IMPLICIT_RETAIN_SELF = YES;
				CLANG_WARN_OBJC_LITERAL_CONVERSION = YES;
				CLANG_WARN_OBJC_ROOT_CLASS = YES_ERROR;
				CLANG_WARN_QUOTED_INCLUDE_IN_FRAMEWORK_HEADER = YES;
				CLANG_WARN_RANGE_LOOP_ANALYSIS = YES;
				CLANG_WARN_STRICT_PROTOTYPES = YES;
				CLANG_WARN_SUSPICIOUS_MOVE = YES;
				CLANG_WARN_UNGUARDED_AVAILABILITY = YES_AGGRESSIVE;
				CLANG_WARN_UNREACHABLE_CODE = YES;
				CLANG_WARN__DUPLICATE_METHOD_MATCH = YES;
				COPY_PHASE_STRIP = NO;
				DEBUG_INFORMATION_FORMAT = dwarf;
				ENABLE_STRICT_OBJC_MSGSEND = YES;
				ENABLE_TESTABILITY = YES;
				ENABLE_USER_SCRIPT_SANDBOXING = YES;
				GCC_C_LANGUAGE_STANDARD = gnu17;
				GCC_DYNAMIC_NO_PIC = NO;
				GCC_NO_COMMON_BLOCKS = YES;
				GCC_OPTIMIZATION_LEVEL = 0;
				GCC_PREPROCESSOR_DEFINITIONS = (
					"DEBUG=1",
					"$(inherited)",
				);
				GCC_WARN_64_TO_32_BIT_CONVERSION = YES;
				GCC_WARN_ABOUT_RETURN_TYPE = YES_ERROR;
				GCC_WARN_UNDECLARED_SELECTOR = YES;
				GCC_WARN_UNINITIALIZED_AUTOS = YES_AGGRESSIVE;
				GCC_WARN_UNUSED_FUNCTION = YES;
				GCC_WARN_UNUSED_VARIABLE = YES;
				IPHONEOS_DEPLOYMENT_TARGET = 17.5;
				LOCALIZATION_PREFERS_STRING_CATALOGS = YES;
				MTL_ENABLE_DEBUG_INFO = INCLUDE_SOURCE;
				MTL_FAST_MATH = YES;
				ONLY_ACTIVE_ARCH = YES;
				SDKROOT = iphoneos;
				SWIFT_ACTIVE_COMPILATION_CONDITIONS = "DEBUG $(inherited)";
				SWIFT_OPTIMIZATION_LEVEL = "-Onone";
			};
			name = Debug;
		};
		FB8C0EB82D91B08400194EDE /* Release */ = {
			isa = XCBuildConfiguration;
			buildSettings = {
				ALWAYS_SEARCH_USER_PATHS = NO;
				ASSETCATALOG_COMPILER_GENERATE_SWIFT_ASSET_SYMBOL_EXTENSIONS = YES;
				CLANG_ANALYZER_NONNULL = YES;
				CLANG_ANALYZER_NUMBER_OBJECT_CONVERSION = YES_AGGRESSIVE;
				CLANG_CXX_LANGUAGE_STANDARD = "gnu++20";
				CLANG_ENABLE_MODULES = YES;
				CLANG_ENABLE_OBJC_ARC = YES;
				CLANG_ENABLE_OBJC_WEAK = YES;
				CLANG_WARN_BLOCK_CAPTURE_AUTORELEASING = YES;
				CLANG_WARN_BOOL_CONVERSION = YES;
				CLANG_WARN_COMMA = YES;
				CLANG_WARN_CONSTANT_CONVERSION = YES;
				CLANG_WARN_DEPRECATED_OBJC_IMPLEMENTATIONS = YES;
				CLANG_WARN_DIRECT_OBJC_ISA_USAGE = YES_ERROR;
				CLANG_WARN_DOCUMENTATION_COMMENTS = YES;
				CLANG_WARN_EMPTY_BODY = YES;
				CLANG_WARN_ENUM_CONVERSION = YES;
				CLANG_WARN_INFINITE_RECURSION = YES;
				CLANG_WARN_INT_CONVERSION = YES;
				CLANG_WARN_NON_LITERAL_NULL_CONVERSION = YES;
				CLANG_WARN_OBJC_IMPLICIT_RETAIN_SELF = YES;
				CLANG_WARN_OBJC_LITERAL_CONVERSION = YES;
				CLANG_WARN_OBJC_ROOT_CLASS = YES_ERROR;
				CLANG_WARN_QUOTED_INCLUDE_IN_FRAMEWORK_HEADER = YES;
				CLANG_WARN_RANGE_LOOP_ANALYSIS = YES;
				CLANG_WARN_STRICT_PROTOTYPES = YES;
				CLANG_WARN_SUSPICIOUS_MOVE = YES;
				CLANG_WARN_UNGUARDED_AVAILABILITY = YES_AGGRESSIVE;
				CLANG_WARN_UNREACHABLE_CODE = YES;
				CLANG_WARN__DUPLICATE_METHOD_MATCH = YES;
				COPY_PHASE_STRIP = NO;
				DEBUG_INFORMATION_FORMAT = "dwarf-with-dsym";
				ENABLE_NS_ASSERTIONS = NO;
				ENABLE_STRICT_OBJC_MSGSEND = YES;
				ENABLE_USER_SCRIPT_SANDBOXING = YES;
				GCC_C_LANGUAGE_STANDARD = gnu17;
				GCC_NO_COMMON_BLOCKS = YES;
				GCC_WARN_64_TO_32_BIT_CONVERSION = YES;
				GCC_WARN_ABOUT_RETURN_TYPE = YES_ERROR;
				GCC_WARN_UNDECLARED_SELECTOR = YES;
				GCC_WARN_UNINITIALIZED_AUTOS = YES_AGGRESSIVE;
				GCC_WARN_UNUSED_FUNCTION = YES;
				GCC_WARN_UNUSED_VARIABLE = YES;
				IPHONEOS_DEPLOYMENT_TARGET = 17.5;
				LOCALIZATION_PREFERS_STRING_CATALOGS = YES;
				MTL_ENABLE_DEBUG_INFO = NO;
				MTL_FAST_MATH = YES;
				SDKROOT = iphoneos;
				SWIFT_COMPILATION_MODE = wholemodule;
				VALIDATE_PRODUCT = YES;
			};
			name = Release;
		};
		FB8C0EBA2D91B08400194EDE /* Debug */ = {
			isa = XCBuildConfiguration;
			buildSettings = {
				ASSETCATALOG_COMPILER_APPICON_NAME = AppIcon;
				ASSETCATALOG_COMPILER_GLOBAL_ACCENT_COLOR_NAME = AccentColor;
				CODE_SIGN_STYLE = Automatic;
				CURRENT_PROJECT_VERSION = 1;
				DEVELOPMENT_ASSET_PATHS = "\"RedesSociales/Preview Content\"";
				ENABLE_PREVIEWS = YES;
				GENERATE_INFOPLIST_FILE = YES;
				INFOPLIST_KEY_UIApplicationSceneManifest_Generation = YES;
				INFOPLIST_KEY_UIApplicationSupportsIndirectInputEvents = YES;
				INFOPLIST_KEY_UILaunchScreen_Generation = YES;
				INFOPLIST_KEY_UISupportedInterfaceOrientations_iPad = "UIInterfaceOrientationPortrait UIInterfaceOrientationPortraitUpsideDown UIInterfaceOrientationLandscapeLeft UIInterfaceOrientationLandscapeRight";
				INFOPLIST_KEY_UISupportedInterfaceOrientations_iPhone = "UIInterfaceOrientationPortrait UIInterfaceOrientationLandscapeLeft UIInterfaceOrientationLandscapeRight";
				LD_RUNPATH_SEARCH_PATHS = (
					"$(inherited)",
					"@executable_path/Frameworks",
				);
				MARKETING_VERSION = 1.0;
				PRODUCT_BUNDLE_IDENTIFIER = mx.alumnos.uacj.RedesSociales;
				PRODUCT_NAME = "$(TARGET_NAME)";
				SWIFT_EMIT_LOC_STRINGS = YES;
				SWIFT_VERSION = 5.0;
				TARGETED_DEVICE_FAMILY = "1,2";
			};
			name = Debug;
		};
		FB8C0EBB2D91B08400194EDE /* Release */ = {
			isa = XCBuildConfiguration;
			buildSettings = {
				ASSETCATALOG_COMPILER_APPICON_NAME = AppIcon;
				ASSETCATALOG_COMPILER_GLOBAL_ACCENT_COLOR_NAME = AccentColor;
				CODE_SIGN_STYLE = Automatic;
				CURRENT_PROJECT_VERSION = 1;
				DEVELOPMENT_ASSET_PATHS = "\"RedesSociales/Preview Content\"";
				ENABLE_PREVIEWS = YES;
				GENERATE_INFOPLIST_FILE = YES;
				INFOPLIST_KEY_UIApplicationSceneManifest_Generation = YES;
				INFOPLIST_KEY_UIApplicationSupportsIndirectInputEvents = YES;
				INFOPLIST_KEY_UILaunchScreen_Generation = YES;
				INFOPLIST_KEY_UISupportedInterfaceOrientations_iPad = "UIInterfaceOrientationPortrait UIInterfaceOrientationPortraitUpsideDown UIInterfaceOrientationLandscapeLeft UIInterfaceOrientationLandscapeRight";
				INFOPLIST_KEY_UISupportedInterfaceOrientations_iPhone = "UIInterfaceOrientationPortrait UIInterfaceOrientationLandscapeLeft UIInterfaceOrientationLandscapeRight";
				LD_RUNPATH_SEARCH_PATHS = (
					"$(inherited)",
					"@executable_path/Frameworks",
				);
				MARKETING_VERSION = 1.0;
				PRODUCT_BUNDLE_IDENTIFIER = mx.alumnos.uacj.RedesSociales;
				PRODUCT_NAME = "$(TARGET_NAME)";
				SWIFT_EMIT_LOC_STRINGS = YES;
				SWIFT_VERSION = 5.0;
				TARGETED_DEVICE_FAMILY = "1,2";
			};
			name = Release;
		};
/* End XCBuildConfiguration section */

/* Begin XCConfigurationList section */
		FB8C0EA62D91B08300194EDE /* Build configuration list for PBXProject "RedesSociales" */ = {
			isa = XCConfigurationList;
			buildConfigurations = (
				FB8C0EB72D91B08400194EDE /* Debug */,
				FB8C0EB82D91B08400194EDE /* Release */,
			);
			defaultConfigurationIsVisible = 0;
			defaultConfigurationName = Release;
		};
		FB8C0EB92D91B08400194EDE /* Build configuration list for PBXNativeTarget "RedesSociales" */ = {
			isa = XCConfigurationList;
			buildConfigurations = (
				FB8C0EBA2D91B08400194EDE /* Debug */,
				FB8C0EBB2D91B08400194EDE /* Release */,
			);
			defaultConfigurationIsVisible = 0;
			defaultConfigurationName = Release;
		};
/* End XCConfigurationList section */
	};
	rootObject = FB8C0EA32D91B08300194EDE /* Project object */;
}
